{
  "name": "agent-shifty-backend",
  "version": "1.0.0",
  "lockfileVersion": 3,
  "requires": true,
  "packages": {
    "": {
      "name": "agent-shifty-backend",
      "version": "1.0.0",
      "dependencies": {
        "@google/genai": "^0.16.0",
        "ws": "^8.18.0"
      }
    },
    "node_modules/@google/genai": {
      "version": "0.16.0",
      "resolved": "https://registry.npmjs.org/@google/genai/-/genai-0.16.0.tgz",
      "integrity": "sha512-4QIOd7y1ZIXBAgkb11fF0K4aXl9yaGqgXUv19hJ+4r5GouyVzJ1D925p0C1f0iY+3M0rAmoOaE82qJzXQ5nQ4A==",
      "engines": {
        "node": ">=18.0.0"
      }
    },
    "node_modules/ws": {
      "version": "8.18.0",
      "resolved": "https://registry.npmjs.org/ws/-/ws-8.18.0.tgz",
      "integrity": "sha512-8VbfWf+D8+l7Cgaa4W0Q03v3y2p5vB0q4/PS1A5n25wT8Q8pL0e4i0An3D5m5NlGKWn0vj8sFf/N3C+gNbpIA==",
      "engines": {
        "node": ">=10.0.0"
      },
      "peerDependencies": {
        "bufferutil": "^4.0.1",
        "utf-8-validate": ">=5.0.2"
      },
      "peerDependenciesMeta": {
        "bufferutil": {
          "optional": true
        },
        "utf-8-validate": {
          "optional": true
        }
      }
    }
  }
}